
Microsoft Visual Studio Solution File, Format Version 12.00
# Visual Studio Version 17
VisualStudioVersion = 17.11.35312.102
MinimumVisualStudioVersion = 10.0.40219.1
Project("{FAE04EC0-301F-11D3-BF4B-00C04F79EFBC}") = "BlogeeCoreMVC", "BlogeeCoreMVC.csproj", "{D0DC7590-288F-4562-B16F-2D2190BBC52F}"
EndProject
Global
	GlobalSection(SolutionConfigurationPlatforms) = preSolution
		Debug|Any CPU = Debug|Any CPU
		Release|Any CPU = Release|Any CPU
	EndGlobalSection
	GlobalSection(ProjectConfigurationPlatforms) = postSolution
		{D0DC7590-288F-4562-B16F-2D2190BBC52F}.Debug|Any CPU.ActiveCfg = Debug|Any CPU
		{D0DC7590-288F-4562-B16F-2D2190BBC52F}.Debug|Any CPU.Build.0 = Debug|Any CPU
		{D0DC7590-288F-4562-B16F-2D2190BBC52F}.Release|Any CPU.ActiveCfg = Release|Any CPU
		{D0DC7590-288F-4562-B16F-2D2190BBC52F}.Release|Any CPU.Build.0 = Release|Any CPU
	EndGlobalSection
	GlobalSection(SolutionProperties) = preSolution
		HideSolutionNode = FALSE
	EndGlobalSection
	GlobalSection(ExtensibilityGlobals) = postSolution
		SolutionGuid = {BBB975E5-097C-47AD-AEB3-225E9CA5A1BF}
	EndGlobalSection
EndGlobal
